
Microsoft Visual Studio Solution File, Format Version 12.00
# Visual Studio Version 17
VisualStudioVersion = 17.3.32929.385
MinimumVisualStudioVersion = 10.0.40219.1
Project("{9A19103F-16F7-4668-BE54-9A1E7A4F7556}") = "ConsoleIoTControl", "ConsoleIoTControl.csproj", "{D7BB8CB5-ED23-4B16-A3CB-44A9FD4852FB}"
EndProject
Global
	GlobalSection(SolutionConfigurationPlatforms) = preSolution
		Debug|Any CPU = Debug|Any CPU
		Release|Any CPU = Release|Any CPU
	EndGlobalSection
	GlobalSection(ProjectConfigurationPlatforms) = postSolution
		{D7BB8CB5-ED23-4B16-A3CB-44A9FD4852FB}.Debug|Any CPU.ActiveCfg = Debug|Any CPU
		{D7BB8CB5-ED23-4B16-A3CB-44A9FD4852FB}.Debug|Any CPU.Build.0 = Debug|Any CPU
		{D7BB8CB5-ED23-4B16-A3CB-44A9FD4852FB}.Release|Any CPU.ActiveCfg = Release|Any CPU
		{D7BB8CB5-ED23-4B16-A3CB-44A9FD4852FB}.Release|Any CPU.Build.0 = Release|Any CPU
	EndGlobalSection
	GlobalSection(SolutionProperties) = preSolution
		HideSolutionNode = FALSE
	EndGlobalSection
	GlobalSection(ExtensibilityGlobals) = postSolution
		SolutionGuid = {44D0088B-671A-4140-9480-F79D24D40CFC}
	EndGlobalSection
EndGlobal
